{
  "name": "ur",
  "version": "1.0.0",
  "lockfileVersion": 1,
  "requires": true,
  "dependencies": {
    "@babel/helper-validator-identifier": {
      "version": "7.10.4",
      "resolved": "https://registry.npmjs.org/@babel/helper-validator-identifier/-/helper-validator-identifier-7.10.4.tgz",
      "integrity": "sha512-3U9y+43hz7ZM+rzG24Qe2mufW5KhvFg/NhnNph+i9mgCtdTCtMJuI1TMkrIUiK7Ix4PYlRF9I5dhqaLYA/ADXw=="
    },
    "@babel/parser": {
      "version": "7.11.5",
      "resolved": "https://registry.npmjs.org/@babel/parser/-/parser-7.11.5.tgz",
      "integrity": "sha512-X9rD8qqm695vgmeaQ4fvz/o3+Wk4ZzQvSHkDBgpYKxpD4qTAUm88ZKtHkVqIOsYFFbIQ6wQYhC6q7pjqVK0E0Q=="
    },
    "@babel/runtime": {
      "version": "7.11.2",
      "resolved": "https://registry.npmjs.org/@babel/runtime/-/runtime-7.11.2.tgz",
      "integrity": "sha512-TeWkU52so0mPtDcaCTxNBI/IHiz0pZgr8VEFqXFtZWpYD08ZB6FaSwVAS8MKRQAP3bYKiVjwysOJgMFY28o6Tw==",
      "dev": true,
      "requires": {
        "regenerator-runtime": "^0.13.4"
      }
    },
    "@babel/types": {
      "version": "7.11.5",
      "resolved": "https://registry.npmjs.org/@babel/types/-/types-7.11.5.tgz",
      "integrity": "sha512-bvM7Qz6eKnJVFIn+1LPtjlBFPVN5jNDc1XmN15vWe7Q3DPBufWWsLiIvUu7xW87uTG6QoggpIDnUgLQvPheU+Q==",
      "requires": {
        "@babel/helper-validator-identifier": "^7.10.4",
        "lodash": "^4.17.19",
        "to-fast-properties": "^2.0.0"
      }
    },
    "@vue/compiler-core": {
      "version": "3.0.0-rc.10",
      "resolved": "https://registry.npmjs.org/@vue/compiler-core/-/compiler-core-3.0.0-rc.10.tgz",
      "integrity": "sha512-kQzHzRsM0NPAWHeqSTb2J4VsHhjRkGeLTsGzeMnW+sojgTnS3T94KacwvYgVS4qeZAKiDq0bMNZoJWrHVQ3T8g==",
      "requires": {
        "@babel/parser": "^7.10.4",
        "@babel/types": "^7.10.4",
        "@vue/shared": "3.0.0-rc.10",
        "estree-walker": "^2.0.1",
        "source-map": "^0.6.1"
      }
    },
    "@vue/compiler-dom": {
      "version": "3.0.0-rc.10",
      "resolved": "https://registry.npmjs.org/@vue/compiler-dom/-/compiler-dom-3.0.0-rc.10.tgz",
      "integrity": "sha512-pqIUf5leZm0P9379utrRSVBMxhV8XaqJTEFFp5etCtbEa/H5ALs29EjFMtMcm9sQaVkZlKLu86mgIacbYB9Q3w==",
      "requires": {
        "@vue/compiler-core": "3.0.0-rc.10",
        "@vue/shared": "3.0.0-rc.10"
      }
    },
    "@vue/reactivity": {
      "version": "3.0.0-rc.10",
      "resolved": "https://registry.npmjs.org/@vue/reactivity/-/reactivity-3.0.0-rc.10.tgz",
      "integrity": "sha512-mkUZfOJlbqGZx2cARmhCs5r2+xLJPL7VFNagmlA3Fd66ZXBc3ZvTQdYsY4VUbYJFe5ByIzqu9TZiAkzXY+JVaA==",
      "requires": {
        "@vue/shared": "3.0.0-rc.10"
      }
    },
    "@vue/runtime-core": {
      "version": "3.0.0-rc.10",
      "resolved": "https://registry.npmjs.org/@vue/runtime-core/-/runtime-core-3.0.0-rc.10.tgz",
      "integrity": "sha512-VK/kq4gDDoqZ45CVwdbLLpikXLYLCt6YLhdgXX3fhf20gvPqrbEZv1ZNLruNnhhTpf9cLyU4tZ18DHeaUYPziw==",
      "requires": {
        "@vue/reactivity": "3.0.0-rc.10",
        "@vue/shared": "3.0.0-rc.10"
      }
    },
    "@vue/runtime-dom": {
      "version": "3.0.0-rc.10",
      "resolved": "https://registry.npmjs.org/@vue/runtime-dom/-/runtime-dom-3.0.0-rc.10.tgz",
      "integrity": "sha512-bH4GuneHt3FQ+/21jba5orM/CO9N1cnT7J3wtrxopFJ4/4H5cvHXyG6v+ZVTu1d733Ij/6yMRA7xbtfi9a4zJw==",
      "requires": {
        "@vue/runtime-core": "3.0.0-rc.10",
        "@vue/shared": "3.0.0-rc.10",
        "csstype": "^2.6.8"
      }
    },
    "@vue/shared": {
      "version": "3.0.0-rc.10",
      "resolved": "https://registry.npmjs.org/@vue/shared/-/shared-3.0.0-rc.10.tgz",
      "integrity": "sha512-fI6gVhhgb3cAmEkY4oeVVA2hWZ2xvkgogHdBI5PL7gSvZnOB6XZ2eQGsYjC4W+7BegvEkoMBuZsFXVa4ZQ07XQ=="
    },
    "csstype": {
      "version": "2.6.13",
      "resolved": "https://registry.npmjs.org/csstype/-/csstype-2.6.13.tgz",
      "integrity": "sha512-ul26pfSQTZW8dcOnD2iiJssfXw0gdNVX9IJDH/X3K5DGPfj+fUYe3kB+swUY6BF3oZDxaID3AJt+9/ojSAE05A=="
    },
    "estree-walker": {
      "version": "2.0.1",
      "resolved": "https://registry.npmjs.org/estree-walker/-/estree-walker-2.0.1.tgz",
      "integrity": "sha512-tF0hv+Yi2Ot1cwj9eYHtxC0jB9bmjacjQs6ZBTj82H8JwUywFuc+7E83NWfNMwHXZc11mjfFcVXPe9gEP4B8dg=="
    },
    "lodash": {
      "version": "4.17.20",
      "resolved": "https://registry.npmjs.org/lodash/-/lodash-4.17.20.tgz",
      "integrity": "sha512-PlhdFcillOINfeV7Ni6oF1TAEayyZBoZ8bcshTHqOYJYlrqzRK5hagpagky5o4HfCzzd1TRkXPMFq6cKk9rGmA=="
    },
    "regenerator-runtime": {
      "version": "0.13.7",
      "resolved": "https://registry.npmjs.org/regenerator-runtime/-/regenerator-runtime-0.13.7.tgz",
      "integrity": "sha512-a54FxoJDIr27pgf7IgeQGxmqUNYrcV338lf/6gH456HZ/PhX+5BcwHXG9ajESmwe6WRO0tAzRUrRmNONWgkrew==",
      "dev": true
    },
    "source-map": {
      "version": "0.6.1",
      "resolved": "https://registry.npmjs.org/source-map/-/source-map-0.6.1.tgz",
      "integrity": "sha512-UjgapumWlbMhkBgzT7Ykc5YXUT46F0iKu8SGXq0bcwP5dz/h0Plj6enJqjz1Zbq2l5WaqYnrVbwWOWMyF3F47g=="
    },
    "to-fast-properties": {
      "version": "2.0.0",
      "resolved": "https://registry.npmjs.org/to-fast-properties/-/to-fast-properties-2.0.0.tgz",
      "integrity": "sha1-3F5pjL0HkmW8c+A3doGk5Og/YW4="
    },
    "vue": {
      "version": "3.0.0-rc.10",
      "resolved": "https://registry.npmjs.org/vue/-/vue-3.0.0-rc.10.tgz",
      "integrity": "sha512-nRsyIQtOWLDMBb5dsPwg/WdIqznCMVWN6O6wJSzhseKC768wHlZKcJ7SPHhWPid9wi3Ykhtl9vtgvxTK/qICkw==",
      "requires": {
        "@vue/compiler-dom": "3.0.0-rc.10",
        "@vue/runtime-dom": "3.0.0-rc.10",
        "@vue/shared": "3.0.0-rc.10"
      }
    }
  }
}
